
Microsoft Visual Studio Solution File, Format Version 12.00
# Visual Studio Version 16
VisualStudioVersion = 16.0.31702.278
MinimumVisualStudioVersion = 10.0.40219.1
Project("{FAE04EC0-301F-11D3-BF4B-00C04F79EFBC}") = "CalendarAppMVC", "CalendarAppMVC\CalendarAppMVC.csproj", "{CA75BFC2-3269-4F49-8589-2858ECCE3E73}"
EndProject
Global
	GlobalSection(SolutionConfigurationPlatforms) = preSolution
		Debug|Any CPU = Debug|Any CPU
		Release|Any CPU = Release|Any CPU
	EndGlobalSection
	GlobalSection(ProjectConfigurationPlatforms) = postSolution
		{CA75BFC2-3269-4F49-8589-2858ECCE3E73}.Debug|Any CPU.ActiveCfg = Debug|Any CPU
		{CA75BFC2-3269-4F49-8589-2858ECCE3E73}.Debug|Any CPU.Build.0 = Debug|Any CPU
		{CA75BFC2-3269-4F49-8589-2858ECCE3E73}.Release|Any CPU.ActiveCfg = Release|Any CPU
		{CA75BFC2-3269-4F49-8589-2858ECCE3E73}.Release|Any CPU.Build.0 = Release|Any CPU
	EndGlobalSection
	GlobalSection(SolutionProperties) = preSolution
		HideSolutionNode = FALSE
	EndGlobalSection
	GlobalSection(ExtensibilityGlobals) = postSolution
		SolutionGuid = {1E6C6DBF-291B-4475-BDBD-AFF3B50930C0}
	EndGlobalSection
EndGlobal
